{
    "_readme": [
        "This file locks the dependencies of your project to a known state",
        "Read more about it at https://getcomposer.org/doc/01-basic-usage.md#composer-lock-the-lock-file",
        "This file is @generated automatically"
    ],
    "content-hash": "4d68978974a82c9c4886ec6baaa30c38",
    "packages": [
        {
            "name": "eclipxe/buzoncfdi-cfdireader",
            "version": "dev-master",
            "source": {
                "type": "git",
                "url": "https://github.com/eclipxe13/buzoncfdi-cfdireader.git",
                "reference": "870d5827ce9027a99343c598500312bda80f6e76"
            },
            "dist": {
                "type": "zip",
                "url": "https://api.github.com/repos/eclipxe13/buzoncfdi-cfdireader/zipball/870d5827ce9027a99343c598500312bda80f6e76",
                "reference": "870d5827ce9027a99343c598500312bda80f6e76",
                "shasum": ""
            },
            "require": {
                "eclipxe/cfdiutils": "^1.0",
                "eclipxe/xmlresourceretriever": "^1.0",
                "eclipxe/xmlschemavalidator": "^2.0",
                "php": ">=7.0"
            },
            "require-dev": {
                "friendsofphp/php-cs-fixer": "^2.4",
                "jakub-onderka/php-parallel-lint": "^0.9",
                "phpunit/phpunit": "^6.2",
                "squizlabs/php_codesniffer": "^3.0"
            },
            "type": "library",
            "autoload": {
                "psr-4": {
                    "CFDIReader\\": "src/CFDIReader/"
                }
            },
            "notification-url": "https://packagist.org/downloads/",
            "license": [
                "MIT"
            ],
            "authors": [
                {
                    "name": "Carlos C Soto",
                    "email": "eclipxe13@gmail.com"
                }
            ],
            "description": "Library to read and validate a Mexican CFDI 3.2 and 3.3 (Comprobante Fiscal por Internet)",
            "homepage": "https://github.com/eclipxe13/buzoncfdi-cfdireader",
            "keywords": [
                "cfdi",
                "cfdi3.2",
                "cfdi3.3",
                "mexico",
                "sat"
            ],
            "time": "2017-09-28 21:15:07"
        },
        {
            "name": "eclipxe/cfdiutils",
            "version": "v1.0.2",
            "source": {
                "type": "git",
                "url": "https://github.com/eclipxe13/CfdiUtils.git",
                "reference": "0ec2c54d204ebdde5ef33f8f937b65bdfa62614a"
            },
            "dist": {
                "type": "zip",
                "url": "https://api.github.com/repos/eclipxe13/CfdiUtils/zipball/0ec2c54d204ebdde5ef33f8f937b65bdfa62614a",
                "reference": "0ec2c54d204ebdde5ef33f8f937b65bdfa62614a",
                "shasum": ""
            },
            "require": {
                "php": ">=7.0"
            },
            "require-dev": {
                "eclipxe/xmlresourceretriever": "^1.0",
                "friendsofphp/php-cs-fixer": "^2.4",
                "jakub-onderka/php-parallel-lint": "^0.9",
                "phpunit/phpunit": "^6.2",
                "squizlabs/php_codesniffer": "^3.0"
            },
            "type": "library",
            "autoload": {
                "psr-4": {
                    "CfdiUtils\\": "src/CfdiUtils/"
                }
            },
            "notification-url": "https://packagist.org/downloads/",
            "license": [
                "MIT"
            ],
            "authors": [
                {
                    "name": "Carlos C Soto",
                    "email": "eclipxe13@gmail.com",
                    "homepage": "http://eclipxe.com.mx/"
                }
            ],
            "description": "PHP Common utilities for Mexican CFDI 3.2 & 3.3",
            "homepage": "https://github.com/eclipxe13/CfdiUtils",
            "keywords": [
                "cfdi",
                "helper",
                "utility"
            ],
            "time": "2017-09-29T00:39:21+00:00"
        },
        {
            "name": "eclipxe/xmlresourceretriever",
            "version": "v1.0.0",
            "source": {
                "type": "git",
                "url": "https://github.com/eclipxe13/XmlResourceRetriever.git",
                "reference": "dd732ad7058393dea573e99940acc9f7eb47e378"
            },
            "dist": {
                "type": "zip",
                "url": "https://api.github.com/repos/eclipxe13/XmlResourceRetriever/zipball/dd732ad7058393dea573e99940acc9f7eb47e378",
                "reference": "dd732ad7058393dea573e99940acc9f7eb47e378",
                "shasum": ""
            },
            "require": {
                "ext-xml": "*",
                "php": ">=7.0"
            },
            "require-dev": {
                "friendsofphp/php-cs-fixer": "^2.4",
                "jakub-onderka/php-parallel-lint": "^0.9",
                "phpunit/phpunit": "^6.2",
                "squizlabs/php_codesniffer": "^3.0"
            },
            "type": "library",
            "autoload": {
                "psr-4": {
                    "XmlResourceRetriever\\": "src/XmlResourceRetriever/"
                }
            },
            "notification-url": "https://packagist.org/downloads/",
            "license": [
                "MIT"
            ],
            "authors": [
                {
                    "name": "Carlos C Soto",
                    "email": "eclipxe13@gmail.com",
                    "homepage": "http://eclipxe.com.mx"
                }
            ],
            "description": "XSD and XLST resource downloader for local storage",
            "homepage": "https://github.com/eclipxe13/XmlResourceRetriever",
            "time": "2017-09-25T19:40:53+00:00"
        },
        {
            "name": "eclipxe/xmlschemavalidator",
            "version": "v2.0.0",
            "source": {
                "type": "git",
                "url": "https://github.com/eclipxe13/XmlSchemaValidator.git",
                "reference": "3d9a51c378fbc445add219e5b231ef4b42bcac88"
            },
            "dist": {
                "type": "zip",
                "url": "https://api.github.com/repos/eclipxe13/XmlSchemaValidator/zipball/3d9a51c378fbc445add219e5b231ef4b42bcac88",
                "reference": "3d9a51c378fbc445add219e5b231ef4b42bcac88",
                "shasum": ""
            },
            "require": {
                "ext-xml": "*",
                "php": ">=7.0"
            },
            "require-dev": {
                "friendsofphp/php-cs-fixer": "^2.4",
                "jakub-onderka/php-parallel-lint": "^0.9",
                "phpunit/phpunit": "^6.2",
                "squizlabs/php_codesniffer": "^3.0"
            },
            "type": "library",
            "autoload": {
                "psr-4": {
                    "XmlSchemaValidator\\": "src/XmlSchemaValidator/"
                }
            },
            "notification-url": "https://packagist.org/downloads/",
            "license": [
                "MIT"
            ],
            "authors": [
                {
                    "name": "Carlos C Soto",
                    "email": "eclipxe13@gmail.com"
                }
            ],
            "description": "PHP Library for XML Schema Validations",
            "homepage": "https://github.com/eclipxe13/XmlSchemaValidator",
            "keywords": [
                "validation",
                "xml",
                "xmlschema",
                "xsd"
            ],
            "time": "2017-09-25T19:57:24+00:00"
        },
        {
            "name": "league/csv",
            "version": "9.0.0",
            "source": {
                "type": "git",
                "url": "https://github.com/thephpleague/csv.git",
                "reference": "60ea563773f1c50162a948c44901c93b9a0aee56"
            },
            "dist": {
                "type": "zip",
                "url": "https://api.github.com/repos/thephpleague/csv/zipball/60ea563773f1c50162a948c44901c93b9a0aee56",
                "reference": "60ea563773f1c50162a948c44901c93b9a0aee56",
                "shasum": ""
            },
            "require": {
                "ext-mbstring": "*",
                "php": ">=7.0.10"
            },
            "require-dev": {
                "ext-curl": "*",
                "friendsofphp/php-cs-fixer": "^2.0",
                "phpunit/phpunit": "^6.0"
            },
            "suggest": {
                "ext-iconv": "Needed to ease transcoding CSV using iconv stream filters"
            },
            "type": "library",
            "extra": {
                "branch-alias": {
                    "dev-master": "9.x-dev"
                }
            },
            "autoload": {
                "psr-4": {
                    "League\\Csv\\": "src"
                },
                "files": [
                    "src/functions_include.php"
                ]
            },
            "notification-url": "https://packagist.org/downloads/",
            "license": [
                "MIT"
            ],
            "authors": [
                {
                    "name": "Ignace Nyamagana Butera",
                    "email": "nyamsprod@gmail.com",
                    "homepage": "https://github.com/nyamsprod/",
                    "role": "Developer"
                }
            ],
            "description": "Csv data manipulation made easy in PHP",
            "homepage": "http://csv.thephpleague.com",
            "keywords": [
                "csv",
                "export",
                "filter",
                "import",
                "read",
                "write"
            ],
            "time": "2017-08-18T10:27:55+00:00"
        },
        {
            "name": "psr/log",
            "version": "dev-master",
            "source": {
                "type": "git",
                "url": "https://github.com/php-fig/log.git",
                "reference": "4ebe3a8bf773a19edfe0a84b6585ba3d401b724d"
            },
            "dist": {
                "type": "zip",
                "url": "https://api.github.com/repos/php-fig/log/zipball/4ebe3a8bf773a19edfe0a84b6585ba3d401b724d",
                "reference": "4ebe3a8bf773a19edfe0a84b6585ba3d401b724d",
                "shasum": ""
            },
            "require": {
                "php": ">=5.3.0"
            },
            "type": "library",
            "extra": {
                "branch-alias": {
                    "dev-master": "1.0.x-dev"
                }
            },
            "autoload": {
                "psr-4": {
                    "Psr\\Log\\": "Psr/Log/"
                }
            },
            "notification-url": "https://packagist.org/downloads/",
            "license": [
                "MIT"
            ],
            "authors": [
                {
                    "name": "PHP-FIG",
                    "homepage": "http://www.php-fig.org/"
                }
            ],
            "description": "Common interface for logging libraries",
            "homepage": "https://github.com/php-fig/log",
            "keywords": [
                "log",
                "psr",
                "psr-3"
            ],
            "time": "2016-10-10 12:19:37"
        },
        {
            "name": "symfony/console",
            "version": "dev-master",
            "source": {
                "type": "git",
                "url": "https://github.com/symfony/console.git",
                "reference": "0b951e0e3f4772192765dc2a8ceec176200fb18a"
            },
            "dist": {
                "type": "zip",
                "url": "https://api.github.com/repos/symfony/console/zipball/0b951e0e3f4772192765dc2a8ceec176200fb18a",
                "reference": "0b951e0e3f4772192765dc2a8ceec176200fb18a",
                "shasum": ""
            },
            "require": {
                "php": "^7.1.3",
                "symfony/debug": "~3.4|~4.0",
                "symfony/polyfill-mbstring": "~1.0"
            },
            "conflict": {
                "symfony/dependency-injection": "<3.4",
                "symfony/process": "<3.3"
            },
            "require-dev": {
                "psr/log": "~1.0",
                "symfony/config": "~3.4|~4.0",
                "symfony/dependency-injection": "~3.4|~4.0",
                "symfony/event-dispatcher": "~3.4|~4.0",
                "symfony/lock": "~3.4|~4.0",
                "symfony/process": "~3.4|~4.0"
            },
            "suggest": {
                "psr/log": "For using the console logger",
                "symfony/event-dispatcher": "",
                "symfony/lock": "",
                "symfony/process": ""
            },
            "type": "library",
            "extra": {
                "branch-alias": {
                    "dev-master": "4.0-dev"
                }
            },
            "autoload": {
                "psr-4": {
                    "Symfony\\Component\\Console\\": ""
                },
                "exclude-from-classmap": [
                    "/Tests/"
                ]
            },
            "notification-url": "https://packagist.org/downloads/",
            "license": [
                "MIT"
            ],
            "authors": [
                {
                    "name": "Fabien Potencier",
                    "email": "fabien@symfony.com"
                },
                {
                    "name": "Symfony Community",
                    "homepage": "https://symfony.com/contributors"
                }
            ],
            "description": "Symfony Console Component",
            "homepage": "https://symfony.com",
            "time": "2017-09-27 18:38:05"
        },
        {
            "name": "symfony/debug",
            "version": "dev-master",
            "source": {
                "type": "git",
                "url": "https://github.com/symfony/debug.git",
                "reference": "82a670d33fdb850d6ffed6e0e1a29591fb541365"
            },
            "dist": {
                "type": "zip",
                "url": "https://api.github.com/repos/symfony/debug/zipball/82a670d33fdb850d6ffed6e0e1a29591fb541365",
                "reference": "82a670d33fdb850d6ffed6e0e1a29591fb541365",
                "shasum": ""
            },
            "require": {
                "php": "^7.1.3",
                "psr/log": "~1.0"
            },
            "conflict": {
                "symfony/http-kernel": "<3.4"
            },
            "require-dev": {
                "symfony/http-kernel": "~3.4|~4.0"
            },
            "type": "library",
            "extra": {
                "branch-alias": {
                    "dev-master": "4.0-dev"
                }
            },
            "autoload": {
                "psr-4": {
                    "Symfony\\Component\\Debug\\": ""
                },
                "exclude-from-classmap": [
                    "/Tests/"
                ]
            },
            "notification-url": "https://packagist.org/downloads/",
            "license": [
                "MIT"
            ],
            "authors": [
                {
                    "name": "Fabien Potencier",
                    "email": "fabien@symfony.com"
                },
                {
                    "name": "Symfony Community",
                    "homepage": "https://symfony.com/contributors"
                }
            ],
            "description": "Symfony Debug Component",
            "homepage": "https://symfony.com",
            "time": "2017-09-15 17:31:55"
        },
        {
            "name": "symfony/filesystem",
            "version": "dev-master",
            "source": {
                "type": "git",
                "url": "https://github.com/symfony/filesystem.git",
                "reference": "fefd2f3576ffa37bd69bf962b0e3fbfde8f28108"
            },
            "dist": {
                "type": "zip",
                "url": "https://api.github.com/repos/symfony/filesystem/zipball/fefd2f3576ffa37bd69bf962b0e3fbfde8f28108",
                "reference": "fefd2f3576ffa37bd69bf962b0e3fbfde8f28108",
                "shasum": ""
            },
            "require": {
                "php": "^7.1.3"
            },
            "type": "library",
            "extra": {
                "branch-alias": {
                    "dev-master": "4.0-dev"
                }
            },
            "autoload": {
                "psr-4": {
                    "Symfony\\Component\\Filesystem\\": ""
                },
                "exclude-from-classmap": [
                    "/Tests/"
                ]
            },
            "notification-url": "https://packagist.org/downloads/",
            "license": [
                "MIT"
            ],
            "authors": [
                {
                    "name": "Fabien Potencier",
                    "email": "fabien@symfony.com"
                },
                {
                    "name": "Symfony Community",
                    "homepage": "https://symfony.com/contributors"
                }
            ],
            "description": "Symfony Filesystem Component",
            "homepage": "https://symfony.com",
            "time": "2017-09-27 21:28:40"
        },
        {
            "name": "symfony/polyfill-mbstring",
            "version": "dev-master",
            "source": {
                "type": "git",
                "url": "https://github.com/symfony/polyfill-mbstring.git",
                "reference": "7c8fae0ac1d216eb54349e6a8baa57d515fe8803"
            },
            "dist": {
                "type": "zip",
                "url": "https://api.github.com/repos/symfony/polyfill-mbstring/zipball/7c8fae0ac1d216eb54349e6a8baa57d515fe8803",
                "reference": "7c8fae0ac1d216eb54349e6a8baa57d515fe8803",
                "shasum": ""
            },
            "require": {
                "php": ">=5.3.3"
            },
            "suggest": {
                "ext-mbstring": "For best performance"
            },
            "type": "library",
            "extra": {
                "branch-alias": {
                    "dev-master": "1.5-dev"
                }
            },
            "autoload": {
                "psr-4": {
                    "Symfony\\Polyfill\\Mbstring\\": ""
                },
                "files": [
                    "bootstrap.php"
                ]
            },
            "notification-url": "https://packagist.org/downloads/",
            "license": [
                "MIT"
            ],
            "authors": [
                {
                    "name": "Nicolas Grekas",
                    "email": "p@tchwork.com"
                },
                {
                    "name": "Symfony Community",
                    "homepage": "https://symfony.com/contributors"
                }
            ],
            "description": "Symfony polyfill for the Mbstring extension",
            "homepage": "https://symfony.com",
            "keywords": [
                "compatibility",
                "mbstring",
                "polyfill",
                "portable",
                "shim"
            ],
            "time": "2017-06-14 15:44:48"
        },
        {
            "name": "webmozart/assert",
            "version": "dev-master",
            "source": {
                "type": "git",
                "url": "https://github.com/webmozart/assert.git",
                "reference": "4a8bf11547e139e77b651365113fc12850c43d9a"
            },
            "dist": {
                "type": "zip",
                "url": "https://api.github.com/repos/webmozart/assert/zipball/4a8bf11547e139e77b651365113fc12850c43d9a",
                "reference": "4a8bf11547e139e77b651365113fc12850c43d9a",
                "shasum": ""
            },
            "require": {
                "php": "^5.3.3 || ^7.0"
            },
            "require-dev": {
                "phpunit/phpunit": "^4.6",
                "sebastian/version": "^1.0.1"
            },
            "type": "library",
            "extra": {
                "branch-alias": {
                    "dev-master": "1.3-dev"
                }
            },
            "autoload": {
                "psr-4": {
                    "Webmozart\\Assert\\": "src/"
                }
            },
            "notification-url": "https://packagist.org/downloads/",
            "license": [
                "MIT"
            ],
            "authors": [
                {
                    "name": "Bernhard Schussek",
                    "email": "bschussek@gmail.com"
                }
            ],
            "description": "Assertions to validate method input/output with nice error messages.",
            "keywords": [
                "assert",
                "check",
                "validate"
            ],
            "time": "2016-11-23 20:04:41"
        },
        {
            "name": "webmozart/path-util",
            "version": "dev-master",
            "source": {
                "type": "git",
                "url": "https://github.com/webmozart/path-util.git",
                "reference": "95a8f7ad150c2a3773ff3c3d04f557a24c99cfd2"
            },
            "dist": {
                "type": "zip",
                "url": "https://api.github.com/repos/webmozart/path-util/zipball/95a8f7ad150c2a3773ff3c3d04f557a24c99cfd2",
                "reference": "95a8f7ad150c2a3773ff3c3d04f557a24c99cfd2",
                "shasum": ""
            },
            "require": {
                "php": "^5.3.3|^7.0",
                "webmozart/assert": "~1.0"
            },
            "require-dev": {
                "phpunit/phpunit": "^4.6",
                "sebastian/version": "^1.0.1"
            },
            "type": "library",
            "extra": {
                "branch-alias": {
                    "dev-master": "2.3-dev"
                }
            },
            "autoload": {
                "psr-4": {
                    "Webmozart\\PathUtil\\": "src/"
                }
            },
            "notification-url": "https://packagist.org/downloads/",
            "license": [
                "MIT"
            ],
            "authors": [
                {
                    "name": "Bernhard Schussek",
                    "email": "bschussek@gmail.com"
                }
            ],
            "description": "A robust cross-platform utility for normalizing, comparing and modifying file paths.",
            "time": "2016-08-15 15:31:42"
        }
    ],
    "packages-dev": [],
    "aliases": [],
    "minimum-stability": "dev",
    "stability-flags": {
        "symfony/console": 20,
        "symfony/filesystem": 20,
        "webmozart/path-util": 20,
        "eclipxe/buzoncfdi-cfdireader": 20
    },
    "prefer-stable": false,
    "prefer-lowest": false,
    "platform": [],
    "platform-dev": []
}
